
Microsoft Visual Studio Solution File, Format Version 12.00
# Visual Studio Version 17
VisualStudioVersion = 17.7.34031.279
MinimumVisualStudioVersion = 10.0.40219.1
Project("{FAE04EC0-301F-11D3-BF4B-00C04F79EFBC}") = "AAM_Lab16_Dominguez.Android", "AAM_Lab16_Dominguez\AAM_Lab16_Dominguez.Android\AAM_Lab16_Dominguez.Android.csproj", "{EEB993ED-895C-4BFC-8B99-F58A0D82553C}"
EndProject
Project("{FAE04EC0-301F-11D3-BF4B-00C04F79EFBC}") = "AAM_Lab16_Dominguez.iOS", "AAM_Lab16_Dominguez\AAM_Lab16_Dominguez.iOS\AAM_Lab16_Dominguez.iOS.csproj", "{84469A61-C4D1-4551-936E-CAC68653A6C5}"
EndProject
Project("{FAE04EC0-301F-11D3-BF4B-00C04F79EFBC}") = "AAM_Lab16_Dominguez", "AAM_Lab16_Dominguez\AAM_Lab16_Dominguez\AAM_Lab16_Dominguez.csproj", "{1ACB5641-EC36-4EF2-9BA2-2EF5CC5ADCE6}"
EndProject
Global
	GlobalSection(SolutionConfigurationPlatforms) = preSolution
		Debug|Any CPU = Debug|Any CPU
		Debug|iPhone = Debug|iPhone
		Debug|iPhoneSimulator = Debug|iPhoneSimulator
		Release|Any CPU = Release|Any CPU
		Release|iPhone = Release|iPhone
		Release|iPhoneSimulator = Release|iPhoneSimulator
	EndGlobalSection
	GlobalSection(ProjectConfigurationPlatforms) = postSolution
		{EEB993ED-895C-4BFC-8B99-F58A0D82553C}.Debug|Any CPU.ActiveCfg = Debug|Any CPU
		{EEB993ED-895C-4BFC-8B99-F58A0D82553C}.Debug|Any CPU.Build.0 = Debug|Any CPU
		{EEB993ED-895C-4BFC-8B99-F58A0D82553C}.Debug|Any CPU.Deploy.0 = Debug|Any CPU
		{EEB993ED-895C-4BFC-8B99-F58A0D82553C}.Debug|iPhone.ActiveCfg = Debug|Any CPU
		{EEB993ED-895C-4BFC-8B99-F58A0D82553C}.Debug|iPhone.Build.0 = Debug|Any CPU
		{EEB993ED-895C-4BFC-8B99-F58A0D82553C}.Debug|iPhone.Deploy.0 = Debug|Any CPU
		{EEB993ED-895C-4BFC-8B99-F58A0D82553C}.Debug|iPhoneSimulator.ActiveCfg = Debug|Any CPU
		{EEB993ED-895C-4BFC-8B99-F58A0D82553C}.Debug|iPhoneSimulator.Build.0 = Debug|Any CPU
		{EEB993ED-895C-4BFC-8B99-F58A0D82553C}.Debug|iPhoneSimulator.Deploy.0 = Debug|Any CPU
		{EEB993ED-895C-4BFC-8B99-F58A0D82553C}.Release|Any CPU.ActiveCfg = Release|Any CPU
		{EEB993ED-895C-4BFC-8B99-F58A0D82553C}.Release|Any CPU.Build.0 = Release|Any CPU
		{EEB993ED-895C-4BFC-8B99-F58A0D82553C}.Release|Any CPU.Deploy.0 = Release|Any CPU
		{EEB993ED-895C-4BFC-8B99-F58A0D82553C}.Release|iPhone.ActiveCfg = Release|Any CPU
		{EEB993ED-895C-4BFC-8B99-F58A0D82553C}.Release|iPhone.Build.0 = Release|Any CPU
		{EEB993ED-895C-4BFC-8B99-F58A0D82553C}.Release|iPhone.Deploy.0 = Release|Any CPU
		{EEB993ED-895C-4BFC-8B99-F58A0D82553C}.Release|iPhoneSimulator.ActiveCfg = Release|Any CPU
		{EEB993ED-895C-4BFC-8B99-F58A0D82553C}.Release|iPhoneSimulator.Build.0 = Release|Any CPU
		{EEB993ED-895C-4BFC-8B99-F58A0D82553C}.Release|iPhoneSimulator.Deploy.0 = Release|Any CPU
		{84469A61-C4D1-4551-936E-CAC68653A6C5}.Debug|Any CPU.ActiveCfg = Debug|iPhone
		{84469A61-C4D1-4551-936E-CAC68653A6C5}.Debug|Any CPU.Build.0 = Debug|iPhone
		{84469A61-C4D1-4551-936E-CAC68653A6C5}.Debug|Any CPU.Deploy.0 = Debug|iPhone
		{84469A61-C4D1-4551-936E-CAC68653A6C5}.Debug|iPhone.ActiveCfg = Debug|iPhone
		{84469A61-C4D1-4551-936E-CAC68653A6C5}.Debug|iPhone.Build.0 = Debug|iPhone
		{84469A61-C4D1-4551-936E-CAC68653A6C5}.Debug|iPhone.Deploy.0 = Debug|iPhone
		{84469A61-C4D1-4551-936E-CAC68653A6C5}.Debug|iPhoneSimulator.ActiveCfg = Debug|iPhoneSimulator
		{84469A61-C4D1-4551-936E-CAC68653A6C5}.Debug|iPhoneSimulator.Build.0 = Debug|iPhoneSimulator
		{84469A61-C4D1-4551-936E-CAC68653A6C5}.Debug|iPhoneSimulator.Deploy.0 = Debug|iPhoneSimulator
		{84469A61-C4D1-4551-936E-CAC68653A6C5}.Release|Any CPU.ActiveCfg = Release|iPhoneSimulator
		{84469A61-C4D1-4551-936E-CAC68653A6C5}.Release|Any CPU.Build.0 = Release|iPhoneSimulator
		{84469A61-C4D1-4551-936E-CAC68653A6C5}.Release|Any CPU.Deploy.0 = Release|iPhoneSimulator
		{84469A61-C4D1-4551-936E-CAC68653A6C5}.Release|iPhone.ActiveCfg = Release|iPhone
		{84469A61-C4D1-4551-936E-CAC68653A6C5}.Release|iPhone.Build.0 = Release|iPhone
		{84469A61-C4D1-4551-936E-CAC68653A6C5}.Release|iPhone.Deploy.0 = Release|iPhone
		{84469A61-C4D1-4551-936E-CAC68653A6C5}.Release|iPhoneSimulator.ActiveCfg = Release|iPhoneSimulator
		{84469A61-C4D1-4551-936E-CAC68653A6C5}.Release|iPhoneSimulator.Build.0 = Release|iPhoneSimulator
		{84469A61-C4D1-4551-936E-CAC68653A6C5}.Release|iPhoneSimulator.Deploy.0 = Release|iPhoneSimulator
		{1ACB5641-EC36-4EF2-9BA2-2EF5CC5ADCE6}.Debug|Any CPU.ActiveCfg = Debug|Any CPU
		{1ACB5641-EC36-4EF2-9BA2-2EF5CC5ADCE6}.Debug|Any CPU.Build.0 = Debug|Any CPU
		{1ACB5641-EC36-4EF2-9BA2-2EF5CC5ADCE6}.Debug|Any CPU.Deploy.0 = Debug|Any CPU
		{1ACB5641-EC36-4EF2-9BA2-2EF5CC5ADCE6}.Debug|iPhone.ActiveCfg = Debug|Any CPU
		{1ACB5641-EC36-4EF2-9BA2-2EF5CC5ADCE6}.Debug|iPhone.Build.0 = Debug|Any CPU
		{1ACB5641-EC36-4EF2-9BA2-2EF5CC5ADCE6}.Debug|iPhone.Deploy.0 = Debug|Any CPU
		{1ACB5641-EC36-4EF2-9BA2-2EF5CC5ADCE6}.Debug|iPhoneSimulator.ActiveCfg = Debug|Any CPU
		{1ACB5641-EC36-4EF2-9BA2-2EF5CC5ADCE6}.Debug|iPhoneSimulator.Build.0 = Debug|Any CPU
		{1ACB5641-EC36-4EF2-9BA2-2EF5CC5ADCE6}.Debug|iPhoneSimulator.Deploy.0 = Debug|Any CPU
		{1ACB5641-EC36-4EF2-9BA2-2EF5CC5ADCE6}.Release|Any CPU.ActiveCfg = Release|Any CPU
		{1ACB5641-EC36-4EF2-9BA2-2EF5CC5ADCE6}.Release|Any CPU.Build.0 = Release|Any CPU
		{1ACB5641-EC36-4EF2-9BA2-2EF5CC5ADCE6}.Release|Any CPU.Deploy.0 = Release|Any CPU
		{1ACB5641-EC36-4EF2-9BA2-2EF5CC5ADCE6}.Release|iPhone.ActiveCfg = Release|Any CPU
		{1ACB5641-EC36-4EF2-9BA2-2EF5CC5ADCE6}.Release|iPhone.Build.0 = Release|Any CPU
		{1ACB5641-EC36-4EF2-9BA2-2EF5CC5ADCE6}.Release|iPhone.Deploy.0 = Release|Any CPU
		{1ACB5641-EC36-4EF2-9BA2-2EF5CC5ADCE6}.Release|iPhoneSimulator.ActiveCfg = Release|Any CPU
		{1ACB5641-EC36-4EF2-9BA2-2EF5CC5ADCE6}.Release|iPhoneSimulator.Build.0 = Release|Any CPU
		{1ACB5641-EC36-4EF2-9BA2-2EF5CC5ADCE6}.Release|iPhoneSimulator.Deploy.0 = Release|Any CPU
	EndGlobalSection
	GlobalSection(SolutionProperties) = preSolution
		HideSolutionNode = FALSE
	EndGlobalSection
	GlobalSection(ExtensibilityGlobals) = postSolution
		SolutionGuid = {1AF789EF-EE5D-4B65-8F4A-E9AD2558DFE2}
	EndGlobalSection
EndGlobal
